// !$*UTF8*$!
{
	archiveVersion = 1;
	classes = {
	};
	objectVersion = 46;
	objects = {

/* Begin PBXBuildFile section */
		242C7F671CA61D1B00F51895 /* Interface.storyboard in Resources */ = {isa = PBXBuildFile; fileRef = 242C7F651CA61D1B00F51895 /* Interface.storyboard */; };
		242C7F691CA61D1B00F51895 /* Assets.xcassets in Resources */ = {isa = PBXBuildFile; fileRef = 242C7F681CA61D1B00F51895 /* Assets.xcassets */; };
		242C7F701CA61D1B00F51895 /* Sonos Watch Extension.appex in Embed App Extensions */ = {isa = PBXBuildFile; fileRef = 242C7F6F1CA61D1B00F51895 /* Sonos Watch Extension.appex */; settings = {ATTRIBUTES = (RemoveHeadersOnCopy, ); }; };
		242C7F771CA61D1B00F51895 /* InterfaceController.swift in Sources */ = {isa = PBXBuildFile; fileRef = 242C7F761CA61D1B00F51895 /* InterfaceController.swift */; };
		242C7F791CA61D1B00F51895 /* ExtensionDelegate.swift in Sources */ = {isa = PBXBuildFile; fileRef = 242C7F781CA61D1B00F51895 /* ExtensionDelegate.swift */; };
		242C7F7B1CA61D1B00F51895 /* NotificationController.swift in Sources */ = {isa = PBXBuildFile; fileRef = 242C7F7A1CA61D1B00F51895 /* NotificationController.swift */; };
		242C7F7D1CA61D1B00F51895 /* GlanceController.swift in Sources */ = {isa = PBXBuildFile; fileRef = 242C7F7C1CA61D1B00F51895 /* GlanceController.swift */; };
		242C7F7F1CA61D1B00F51895 /* ComplicationController.swift in Sources */ = {isa = PBXBuildFile; fileRef = 242C7F7E1CA61D1B00F51895 /* ComplicationController.swift */; };
		242C7F811CA61D1B00F51895 /* Assets.xcassets in Resources */ = {isa = PBXBuildFile; fileRef = 242C7F801CA61D1B00F51895 /* Assets.xcassets */; };
		242C7F851CA61D1B00F51895 /* Sonos Watch.app in Embed Watch Content */ = {isa = PBXBuildFile; fileRef = 242C7F631CA61D1B00F51895 /* Sonos Watch.app */; };
		D3BA0E0B1CA690780082160D /* SonosController.swift in Sources */ = {isa = PBXBuildFile; fileRef = D3E3709F1CA3C8DE00A9C333 /* SonosController.swift */; };
		D3E3705C1CA3C7C600A9C333 /* AppDelegate.swift in Sources */ = {isa = PBXBuildFile; fileRef = D3E3705B1CA3C7C600A9C333 /* AppDelegate.swift */; };
		D3E3705E1CA3C7C600A9C333 /* ViewController.swift in Sources */ = {isa = PBXBuildFile; fileRef = D3E3705D1CA3C7C600A9C333 /* ViewController.swift */; };
		D3E370611CA3C7C600A9C333 /* Main.storyboard in Resources */ = {isa = PBXBuildFile; fileRef = D3E3705F1CA3C7C600A9C333 /* Main.storyboard */; };
		D3E370631CA3C7C600A9C333 /* Assets.xcassets in Resources */ = {isa = PBXBuildFile; fileRef = D3E370621CA3C7C600A9C333 /* Assets.xcassets */; };
		D3E370661CA3C7C600A9C333 /* LaunchScreen.storyboard in Resources */ = {isa = PBXBuildFile; fileRef = D3E370641CA3C7C600A9C333 /* LaunchScreen.storyboard */; };
		D3E370711CA3C7C600A9C333 /* NOSTests.swift in Sources */ = {isa = PBXBuildFile; fileRef = D3E370701CA3C7C600A9C333 /* NOSTests.swift */; };
		D3E3707C1CA3C7C600A9C333 /* NOSUITests.swift in Sources */ = {isa = PBXBuildFile; fileRef = D3E3707B1CA3C7C600A9C333 /* NOSUITests.swift */; };
		D3E370901CA3C7FD00A9C333 /* NotificationCenter.framework in Frameworks */ = {isa = PBXBuildFile; fileRef = D3E3708F1CA3C7FD00A9C333 /* NotificationCenter.framework */; };
		D3E370931CA3C7FD00A9C333 /* TodayViewController.swift in Sources */ = {isa = PBXBuildFile; fileRef = D3E370921CA3C7FD00A9C333 /* TodayViewController.swift */; };
		D3E370961CA3C7FD00A9C333 /* MainInterface.storyboard in Resources */ = {isa = PBXBuildFile; fileRef = D3E370941CA3C7FD00A9C333 /* MainInterface.storyboard */; };
		D3E3709A1CA3C7FD00A9C333 /* Sonos Remote Today.appex in Embed App Extensions */ = {isa = PBXBuildFile; fileRef = D3E3708D1CA3C7FD00A9C333 /* Sonos Remote Today.appex */; settings = {ATTRIBUTES = (RemoveHeadersOnCopy, ); }; };
		D3E370A01CA3C8DE00A9C333 /* SonosController.swift in Sources */ = {isa = PBXBuildFile; fileRef = D3E3709F1CA3C8DE00A9C333 /* SonosController.swift */; };
		D3E370A11CA3C8DE00A9C333 /* SonosController.swift in Sources */ = {isa = PBXBuildFile; fileRef = D3E3709F1CA3C8DE00A9C333 /* SonosController.swift */; };
/* End PBXBuildFile section */

/* Begin PBXContainerItemProxy section */
		242C7F711CA61D1B00F51895 /* PBXContainerItemProxy */ = {
			isa = PBXContainerItemProxy;
			containerPortal = D3E370501CA3C7C600A9C333 /* Project object */;
			proxyType = 1;
			remoteGlobalIDString = 242C7F6E1CA61D1B00F51895;
			remoteInfo = "Sonos Watch Extension";
		};
		242C7F831CA61D1B00F51895 /* PBXContainerItemProxy */ = {
			isa = PBXContainerItemProxy;
			containerPortal = D3E370501CA3C7C600A9C333 /* Project object */;
			proxyType = 1;
			remoteGlobalIDString = 242C7F621CA61D1B00F51895;
			remoteInfo = "Sonos Watch";
		};
		D3E3706D1CA3C7C600A9C333 /* PBXContainerItemProxy */ = {
			isa = PBXContainerItemProxy;
			containerPortal = D3E370501CA3C7C600A9C333 /* Project object */;
			proxyType = 1;
			remoteGlobalIDString = D3E370571CA3C7C600A9C333;
			remoteInfo = NOS;
		};
		D3E370781CA3C7C600A9C333 /* PBXContainerItemProxy */ = {
			isa = PBXContainerItemProxy;
			containerPortal = D3E370501CA3C7C600A9C333 /* Project object */;
			proxyType = 1;
			remoteGlobalIDString = D3E370571CA3C7C600A9C333;
			remoteInfo = NOS;
		};
		D3E370981CA3C7FD00A9C333 /* PBXContainerItemProxy */ = {
			isa = PBXContainerItemProxy;
			containerPortal = D3E370501CA3C7C600A9C333 /* Project object */;
			proxyType = 1;
			remoteGlobalIDString = D3E3708C1CA3C7FD00A9C333;
			remoteInfo = NOSToday;
		};
/* End PBXContainerItemProxy section */

/* Begin PBXCopyFilesBuildPhase section */
		242C7F8B1CA61D1B00F51895 /* Embed App Extensions */ = {
			isa = PBXCopyFilesBuildPhase;
			buildActionMask = 2147483647;
			dstPath = "";
			dstSubfolderSpec = 13;
			files = (
				242C7F701CA61D1B00F51895 /* Sonos Watch Extension.appex in Embed App Extensions */,
			);
			name = "Embed App Extensions";
			runOnlyForDeploymentPostprocessing = 0;
		};
		242C7F8D1CA61D1B00F51895 /* Embed Watch Content */ = {
			isa = PBXCopyFilesBuildPhase;
			buildActionMask = 2147483647;
			dstPath = "$(CONTENTS_FOLDER_PATH)/Watch";
			dstSubfolderSpec = 16;
			files = (
				242C7F851CA61D1B00F51895 /* Sonos Watch.app in Embed Watch Content */,
			);
			name = "Embed Watch Content";
			runOnlyForDeploymentPostprocessing = 0;
		};
		D3E3709E1CA3C7FD00A9C333 /* Embed App Extensions */ = {
			isa = PBXCopyFilesBuildPhase;
			buildActionMask = 2147483647;
			dstPath = "";
			dstSubfolderSpec = 13;
			files = (
				D3E3709A1CA3C7FD00A9C333 /* Sonos Remote Today.appex in Embed App Extensions */,
			);
			name = "Embed App Extensions";
			runOnlyForDeploymentPostprocessing = 0;
		};
/* End PBXCopyFilesBuildPhase section */

/* Begin PBXFileReference section */
		242C7F631CA61D1B00F51895 /* Sonos Watch.app */ = {isa = PBXFileReference; explicitFileType = wrapper.application; includeInIndex = 0; path = "Sonos Watch.app"; sourceTree = BUILT_PRODUCTS_DIR; };
		242C7F661CA61D1B00F51895 /* Base */ = {isa = PBXFileReference; lastKnownFileType = file.storyboard; name = Base; path = Base.lproj/Interface.storyboard; sourceTree = "<group>"; };
		242C7F681CA61D1B00F51895 /* Assets.xcassets */ = {isa = PBXFileReference; lastKnownFileType = folder.assetcatalog; path = Assets.xcassets; sourceTree = "<group>"; };
		242C7F6A1CA61D1B00F51895 /* Info.plist */ = {isa = PBXFileReference; lastKnownFileType = text.plist.xml; path = Info.plist; sourceTree = "<group>"; };
		242C7F6F1CA61D1B00F51895 /* Sonos Watch Extension.appex */ = {isa = PBXFileReference; explicitFileType = "wrapper.app-extension"; includeInIndex = 0; path = "Sonos Watch Extension.appex"; sourceTree = BUILT_PRODUCTS_DIR; };
		242C7F751CA61D1B00F51895 /* PushNotificationPayload.apns */ = {isa = PBXFileReference; lastKnownFileType = text; path = PushNotificationPayload.apns; sourceTree = "<group>"; };
		242C7F761CA61D1B00F51895 /* InterfaceController.swift */ = {isa = PBXFileReference; lastKnownFileType = sourcecode.swift; path = InterfaceController.swift; sourceTree = "<group>"; };
		242C7F781CA61D1B00F51895 /* ExtensionDelegate.swift */ = {isa = PBXFileReference; lastKnownFileType = sourcecode.swift; path = ExtensionDelegate.swift; sourceTree = "<group>"; };
		242C7F7A1CA61D1B00F51895 /* NotificationController.swift */ = {isa = PBXFileReference; lastKnownFileType = sourcecode.swift; path = NotificationController.swift; sourceTree = "<group>"; };
		242C7F7C1CA61D1B00F51895 /* GlanceController.swift */ = {isa = PBXFileReference; lastKnownFileType = sourcecode.swift; path = GlanceController.swift; sourceTree = "<group>"; };
		242C7F7E1CA61D1B00F51895 /* ComplicationController.swift */ = {isa = PBXFileReference; lastKnownFileType = sourcecode.swift; path = ComplicationController.swift; sourceTree = "<group>"; };
		242C7F801CA61D1B00F51895 /* Assets.xcassets */ = {isa = PBXFileReference; lastKnownFileType = folder.assetcatalog; path = Assets.xcassets; sourceTree = "<group>"; };
		242C7F821CA61D1B00F51895 /* Info.plist */ = {isa = PBXFileReference; lastKnownFileType = text.plist.xml; path = Info.plist; sourceTree = "<group>"; };
		D3E370581CA3C7C600A9C333 /* Sonos Remote.app */ = {isa = PBXFileReference; explicitFileType = wrapper.application; includeInIndex = 0; path = "Sonos Remote.app"; sourceTree = BUILT_PRODUCTS_DIR; };
		D3E3705B1CA3C7C600A9C333 /* AppDelegate.swift */ = {isa = PBXFileReference; lastKnownFileType = sourcecode.swift; path = AppDelegate.swift; sourceTree = "<group>"; };
		D3E3705D1CA3C7C600A9C333 /* ViewController.swift */ = {isa = PBXFileReference; lastKnownFileType = sourcecode.swift; path = ViewController.swift; sourceTree = "<group>"; };
		D3E370601CA3C7C600A9C333 /* Base */ = {isa = PBXFileReference; lastKnownFileType = file.storyboard; name = Base; path = Base.lproj/Main.storyboard; sourceTree = "<group>"; };
		D3E370621CA3C7C600A9C333 /* Assets.xcassets */ = {isa = PBXFileReference; lastKnownFileType = folder.assetcatalog; path = Assets.xcassets; sourceTree = "<group>"; };
		D3E370651CA3C7C600A9C333 /* Base */ = {isa = PBXFileReference; lastKnownFileType = file.storyboard; name = Base; path = Base.lproj/LaunchScreen.storyboard; sourceTree = "<group>"; };
		D3E370671CA3C7C600A9C333 /* Info.plist */ = {isa = PBXFileReference; lastKnownFileType = text.plist.xml; path = Info.plist; sourceTree = "<group>"; };
		D3E3706C1CA3C7C600A9C333 /* NOSTests.xctest */ = {isa = PBXFileReference; explicitFileType = wrapper.cfbundle; includeInIndex = 0; path = NOSTests.xctest; sourceTree = BUILT_PRODUCTS_DIR; };
		D3E370701CA3C7C600A9C333 /* NOSTests.swift */ = {isa = PBXFileReference; lastKnownFileType = sourcecode.swift; path = NOSTests.swift; sourceTree = "<group>"; };
		D3E370721CA3C7C600A9C333 /* Info.plist */ = {isa = PBXFileReference; lastKnownFileType = text.plist.xml; path = Info.plist; sourceTree = "<group>"; };
		D3E370771CA3C7C600A9C333 /* NOSUITests.xctest */ = {isa = PBXFileReference; explicitFileType = wrapper.cfbundle; includeInIndex = 0; path = NOSUITests.xctest; sourceTree = BUILT_PRODUCTS_DIR; };
		D3E3707B1CA3C7C600A9C333 /* NOSUITests.swift */ = {isa = PBXFileReference; lastKnownFileType = sourcecode.swift; path = NOSUITests.swift; sourceTree = "<group>"; };
		D3E3707D1CA3C7C600A9C333 /* Info.plist */ = {isa = PBXFileReference; lastKnownFileType = text.plist.xml; path = Info.plist; sourceTree = "<group>"; };
		D3E3708D1CA3C7FD00A9C333 /* Sonos Remote Today.appex */ = {isa = PBXFileReference; explicitFileType = "wrapper.app-extension"; includeInIndex = 0; path = "Sonos Remote Today.appex"; sourceTree = BUILT_PRODUCTS_DIR; };
		D3E3708F1CA3C7FD00A9C333 /* NotificationCenter.framework */ = {isa = PBXFileReference; lastKnownFileType = wrapper.framework; name = NotificationCenter.framework; path = System/Library/Frameworks/NotificationCenter.framework; sourceTree = SDKROOT; };
		D3E370921CA3C7FD00A9C333 /* TodayViewController.swift */ = {isa = PBXFileReference; lastKnownFileType = sourcecode.swift; path = TodayViewController.swift; sourceTree = "<group>"; };
		D3E370951CA3C7FD00A9C333 /* Base */ = {isa = PBXFileReference; lastKnownFileType = file.storyboard; name = Base; path = Base.lproj/MainInterface.storyboard; sourceTree = "<group>"; };
		D3E370971CA3C7FD00A9C333 /* Info.plist */ = {isa = PBXFileReference; lastKnownFileType = text.plist.xml; path = Info.plist; sourceTree = "<group>"; };
		D3E3709F1CA3C8DE00A9C333 /* SonosController.swift */ = {isa = PBXFileReference; fileEncoding = 4; lastKnownFileType = sourcecode.swift; path = SonosController.swift; sourceTree = "<group>"; };
/* End PBXFileReference section */

/* Begin PBXFrameworksBuildPhase section */
		242C7F6C1CA61D1B00F51895 /* Frameworks */ = {
			isa = PBXFrameworksBuildPhase;
			buildActionMask = 2147483647;
			files = (
			);
			runOnlyForDeploymentPostprocessing = 0;
		};
		D3E370551CA3C7C600A9C333 /* Frameworks */ = {
			isa = PBXFrameworksBuildPhase;
			buildActionMask = 2147483647;
			files = (
			);
			runOnlyForDeploymentPostprocessing = 0;
		};
		D3E370691CA3C7C600A9C333 /* Frameworks */ = {
			isa = PBXFrameworksBuildPhase;
			buildActionMask = 2147483647;
			files = (
			);
			runOnlyForDeploymentPostprocessing = 0;
		};
		D3E370741CA3C7C600A9C333 /* Frameworks */ = {
			isa = PBXFrameworksBuildPhase;
			buildActionMask = 2147483647;
			files = (
			);
			runOnlyForDeploymentPostprocessing = 0;
		};
		D3E3708A1CA3C7FD00A9C333 /* Frameworks */ = {
			isa = PBXFrameworksBuildPhase;
			buildActionMask = 2147483647;
			files = (
				D3E370901CA3C7FD00A9C333 /* NotificationCenter.framework in Frameworks */,
			);
			runOnlyForDeploymentPostprocessing = 0;
		};
/* End PBXFrameworksBuildPhase section */

/* Begin PBXGroup section */
		242C7F641CA61D1B00F51895 /* Sonos Watch */ = {
			isa = PBXGroup;
			children = (
				242C7F651CA61D1B00F51895 /* Interface.storyboard */,
				242C7F681CA61D1B00F51895 /* Assets.xcassets */,
				242C7F6A1CA61D1B00F51895 /* Info.plist */,
			);
			path = "Sonos Watch";
			sourceTree = "<group>";
		};
		242C7F731CA61D1B00F51895 /* Sonos Watch Extension */ = {
			isa = PBXGroup;
			children = (
				242C7F761CA61D1B00F51895 /* InterfaceController.swift */,
				242C7F781CA61D1B00F51895 /* ExtensionDelegate.swift */,
				242C7F7A1CA61D1B00F51895 /* NotificationController.swift */,
				242C7F7C1CA61D1B00F51895 /* GlanceController.swift */,
				242C7F7E1CA61D1B00F51895 /* ComplicationController.swift */,
				242C7F801CA61D1B00F51895 /* Assets.xcassets */,
				242C7F821CA61D1B00F51895 /* Info.plist */,
				242C7F741CA61D1B00F51895 /* Supporting Files */,
			);
			path = "Sonos Watch Extension";
			sourceTree = "<group>";
		};
		242C7F741CA61D1B00F51895 /* Supporting Files */ = {
			isa = PBXGroup;
			children = (
				242C7F751CA61D1B00F51895 /* PushNotificationPayload.apns */,
			);
			name = "Supporting Files";
			sourceTree = "<group>";
		};
		D3E3704F1CA3C7C600A9C333 = {
			isa = PBXGroup;
			children = (
				D3E3705A1CA3C7C600A9C333 /* NOS */,
				D3E3706F1CA3C7C600A9C333 /* NOSTests */,
				D3E3707A1CA3C7C600A9C333 /* NOSUITests */,
				D3E370911CA3C7FD00A9C333 /* NOSToday */,
				242C7F641CA61D1B00F51895 /* Sonos Watch */,
				242C7F731CA61D1B00F51895 /* Sonos Watch Extension */,
				D3E3708E1CA3C7FD00A9C333 /* Frameworks */,
				D3E370591CA3C7C600A9C333 /* Products */,
			);
			sourceTree = "<group>";
		};
		D3E370591CA3C7C600A9C333 /* Products */ = {
			isa = PBXGroup;
			children = (
				D3E370581CA3C7C600A9C333 /* Sonos Remote.app */,
				D3E3706C1CA3C7C600A9C333 /* NOSTests.xctest */,
				D3E370771CA3C7C600A9C333 /* NOSUITests.xctest */,
				D3E3708D1CA3C7FD00A9C333 /* Sonos Remote Today.appex */,
				242C7F631CA61D1B00F51895 /* Sonos Watch.app */,
				242C7F6F1CA61D1B00F51895 /* Sonos Watch Extension.appex */,
			);
			name = Products;
			sourceTree = "<group>";
		};
		D3E3705A1CA3C7C600A9C333 /* NOS */ = {
			isa = PBXGroup;
			children = (
				D3E3705B1CA3C7C600A9C333 /* AppDelegate.swift */,
				D3E3705D1CA3C7C600A9C333 /* ViewController.swift */,
				D3E3709F1CA3C8DE00A9C333 /* SonosController.swift */,
				D3E3705F1CA3C7C600A9C333 /* Main.storyboard */,
				D3E370621CA3C7C600A9C333 /* Assets.xcassets */,
				D3E370641CA3C7C600A9C333 /* LaunchScreen.storyboard */,
				D3E370671CA3C7C600A9C333 /* Info.plist */,
			);
			path = NOS;
			sourceTree = "<group>";
		};
		D3E3706F1CA3C7C600A9C333 /* NOSTests */ = {
			isa = PBXGroup;
			children = (
				D3E370701CA3C7C600A9C333 /* NOSTests.swift */,
				D3E370721CA3C7C600A9C333 /* Info.plist */,
			);
			path = NOSTests;
			sourceTree = "<group>";
		};
		D3E3707A1CA3C7C600A9C333 /* NOSUITests */ = {
			isa = PBXGroup;
			children = (
				D3E3707B1CA3C7C600A9C333 /* NOSUITests.swift */,
				D3E3707D1CA3C7C600A9C333 /* Info.plist */,
			);
			path = NOSUITests;
			sourceTree = "<group>";
		};
		D3E3708E1CA3C7FD00A9C333 /* Frameworks */ = {
			isa = PBXGroup;
			children = (
				D3E3708F1CA3C7FD00A9C333 /* NotificationCenter.framework */,
			);
			name = Frameworks;
			sourceTree = "<group>";
		};
		D3E370911CA3C7FD00A9C333 /* NOSToday */ = {
			isa = PBXGroup;
			children = (
				D3E370921CA3C7FD00A9C333 /* TodayViewController.swift */,
				D3E370941CA3C7FD00A9C333 /* MainInterface.storyboard */,
				D3E370971CA3C7FD00A9C333 /* Info.plist */,
			);
			path = NOSToday;
			sourceTree = "<group>";
		};
/* End PBXGroup section */

/* Begin PBXNativeTarget section */
		242C7F621CA61D1B00F51895 /* Sonos Watch */ = {
			isa = PBXNativeTarget;
			buildConfigurationList = 242C7F8C1CA61D1B00F51895 /* Build configuration list for PBXNativeTarget "Sonos Watch" */;
			buildPhases = (
				242C7F611CA61D1B00F51895 /* Resources */,
				242C7F8B1CA61D1B00F51895 /* Embed App Extensions */,
			);
			buildRules = (
			);
			dependencies = (
				242C7F721CA61D1B00F51895 /* PBXTargetDependency */,
			);
			name = "Sonos Watch";
			productName = "Sonos Watch";
			productReference = 242C7F631CA61D1B00F51895 /* Sonos Watch.app */;
			productType = "com.apple.product-type.application.watchapp2";
		};
		242C7F6E1CA61D1B00F51895 /* Sonos Watch Extension */ = {
			isa = PBXNativeTarget;
			buildConfigurationList = 242C7F8A1CA61D1B00F51895 /* Build configuration list for PBXNativeTarget "Sonos Watch Extension" */;
			buildPhases = (
				242C7F6B1CA61D1B00F51895 /* Sources */,
				242C7F6C1CA61D1B00F51895 /* Frameworks */,
				242C7F6D1CA61D1B00F51895 /* Resources */,
			);
			buildRules = (
			);
			dependencies = (
			);
			name = "Sonos Watch Extension";
			productName = "Sonos Watch Extension";
			productReference = 242C7F6F1CA61D1B00F51895 /* Sonos Watch Extension.appex */;
			productType = "com.apple.product-type.watchkit2-extension";
		};
		D3E370571CA3C7C600A9C333 /* Sonos Remote */ = {
			isa = PBXNativeTarget;
			buildConfigurationList = D3E370801CA3C7C600A9C333 /* Build configuration list for PBXNativeTarget "Sonos Remote" */;
			buildPhases = (
				D3E370541CA3C7C600A9C333 /* Sources */,
				D3E370551CA3C7C600A9C333 /* Frameworks */,
				D3E370561CA3C7C600A9C333 /* Resources */,
				D3E3709E1CA3C7FD00A9C333 /* Embed App Extensions */,
				242C7F8D1CA61D1B00F51895 /* Embed Watch Content */,
			);
			buildRules = (
			);
			dependencies = (
				D3E370991CA3C7FD00A9C333 /* PBXTargetDependency */,
				242C7F841CA61D1B00F51895 /* PBXTargetDependency */,
			);
			name = "Sonos Remote";
			productName = NOS;
			productReference = D3E370581CA3C7C600A9C333 /* Sonos Remote.app */;
			productType = "com.apple.product-type.application";
		};
		D3E3706B1CA3C7C600A9C333 /* NOSTests */ = {
			isa = PBXNativeTarget;
			buildConfigurationList = D3E370831CA3C7C600A9C333 /* Build configuration list for PBXNativeTarget "NOSTests" */;
			buildPhases = (
				D3E370681CA3C7C600A9C333 /* Sources */,
				D3E370691CA3C7C600A9C333 /* Frameworks */,
				D3E3706A1CA3C7C600A9C333 /* Resources */,
			);
			buildRules = (
			);
			dependencies = (
				D3E3706E1CA3C7C600A9C333 /* PBXTargetDependency */,
			);
			name = NOSTests;
			productName = NOSTests;
			productReference = D3E3706C1CA3C7C600A9C333 /* NOSTests.xctest */;
			productType = "com.apple.product-type.bundle.unit-test";
		};
		D3E370761CA3C7C600A9C333 /* NOSUITests */ = {
			isa = PBXNativeTarget;
			buildConfigurationList = D3E370861CA3C7C600A9C333 /* Build configuration list for PBXNativeTarget "NOSUITests" */;
			buildPhases = (
				D3E370731CA3C7C600A9C333 /* Sources */,
				D3E370741CA3C7C600A9C333 /* Frameworks */,
				D3E370751CA3C7C600A9C333 /* Resources */,
			);
			buildRules = (
			);
			dependencies = (
				D3E370791CA3C7C600A9C333 /* PBXTargetDependency */,
			);
			name = NOSUITests;
			productName = NOSUITests;
			productReference = D3E370771CA3C7C600A9C333 /* NOSUITests.xctest */;
			productType = "com.apple.product-type.bundle.ui-testing";
		};
		D3E3708C1CA3C7FD00A9C333 /* Sonos Remote Today */ = {
			isa = PBXNativeTarget;
			buildConfigurationList = D3E3709B1CA3C7FD00A9C333 /* Build configuration list for PBXNativeTarget "Sonos Remote Today" */;
			buildPhases = (
				D3E370891CA3C7FD00A9C333 /* Sources */,
				D3E3708A1CA3C7FD00A9C333 /* Frameworks */,
				D3E3708B1CA3C7FD00A9C333 /* Resources */,
			);
			buildRules = (
			);
			dependencies = (
			);
			name = "Sonos Remote Today";
			productName = NOSToday;
			productReference = D3E3708D1CA3C7FD00A9C333 /* Sonos Remote Today.appex */;
			productType = "com.apple.product-type.app-extension";
		};
/* End PBXNativeTarget section */

/* Begin PBXProject section */
		D3E370501CA3C7C600A9C333 /* Project object */ = {
			isa = PBXProject;
			attributes = {
				LastSwiftUpdateCheck = 0720;
				LastUpgradeCheck = 0720;
				ORGANIZATIONNAME = phil;
				TargetAttributes = {
					242C7F621CA61D1B00F51895 = {
						CreatedOnToolsVersion = 7.2.1;
					};
					242C7F6E1CA61D1B00F51895 = {
						CreatedOnToolsVersion = 7.2.1;
					};
					D3E370571CA3C7C600A9C333 = {
						CreatedOnToolsVersion = 7.2.1;
					};
					D3E3706B1CA3C7C600A9C333 = {
						CreatedOnToolsVersion = 7.2.1;
						TestTargetID = D3E370571CA3C7C600A9C333;
					};
					D3E370761CA3C7C600A9C333 = {
						CreatedOnToolsVersion = 7.2.1;
						TestTargetID = D3E370571CA3C7C600A9C333;
					};
					D3E3708C1CA3C7FD00A9C333 = {
						CreatedOnToolsVersion = 7.2.1;
					};
				};
			};
			buildConfigurationList = D3E370531CA3C7C600A9C333 /* Build configuration list for PBXProject "NOS" */;
			compatibilityVersion = "Xcode 3.2";
			developmentRegion = English;
			hasScannedForEncodings = 0;
			knownRegions = (
				en,
				Base,
			);
			mainGroup = D3E3704F1CA3C7C600A9C333;
			productRefGroup = D3E370591CA3C7C600A9C333 /* Products */;
			projectDirPath = "";
			projectRoot = "";
			targets = (
				D3E370571CA3C7C600A9C333 /* Sonos Remote */,
				D3E3706B1CA3C7C600A9C333 /* NOSTests */,
				D3E370761CA3C7C600A9C333 /* NOSUITests */,
				D3E3708C1CA3C7FD00A9C333 /* Sonos Remote Today */,
				242C7F621CA61D1B00F51895 /* Sonos Watch */,
				242C7F6E1CA61D1B00F51895 /* Sonos Watch Extension */,
			);
		};
/* End PBXProject section */

/* Begin PBXResourcesBuildPhase section */
		242C7F611CA61D1B00F51895 /* Resources */ = {
			isa = PBXResourcesBuildPhase;
			buildActionMask = 2147483647;
			files = (
				242C7F691CA61D1B00F51895 /* Assets.xcassets in Resources */,
				242C7F671CA61D1B00F51895 /* Interface.storyboard in Resources */,
			);
			runOnlyForDeploymentPostprocessing = 0;
		};
		242C7F6D1CA61D1B00F51895 /* Resources */ = {
			isa = PBXResourcesBuildPhase;
			buildActionMask = 2147483647;
			files = (
				242C7F811CA61D1B00F51895 /* Assets.xcassets in Resources */,
			);
			runOnlyForDeploymentPostprocessing = 0;
		};
		D3E370561CA3C7C600A9C333 /* Resources */ = {
			isa = PBXResourcesBuildPhase;
			buildActionMask = 2147483647;
			files = (
				D3E370661CA3C7C600A9C333 /* LaunchScreen.storyboard in Resources */,
				D3E370631CA3C7C600A9C333 /* Assets.xcassets in Resources */,
				D3E370611CA3C7C600A9C333 /* Main.storyboard in Resources */,
			);
			runOnlyForDeploymentPostprocessing = 0;
		};
		D3E3706A1CA3C7C600A9C333 /* Resources */ = {
			isa = PBXResourcesBuildPhase;
			buildActionMask = 2147483647;
			files = (
			);
			runOnlyForDeploymentPostprocessing = 0;
		};
		D3E370751CA3C7C600A9C333 /* Resources */ = {
			isa = PBXResourcesBuildPhase;
			buildActionMask = 2147483647;
			files = (
			);
			runOnlyForDeploymentPostprocessing = 0;
		};
		D3E3708B1CA3C7FD00A9C333 /* Resources */ = {
			isa = PBXResourcesBuildPhase;
			buildActionMask = 2147483647;
			files = (
				D3E370961CA3C7FD00A9C333 /* MainInterface.storyboard in Resources */,
			);
			runOnlyForDeploymentPostprocessing = 0;
		};
/* End PBXResourcesBuildPhase section */

/* Begin PBXSourcesBuildPhase section */
		242C7F6B1CA61D1B00F51895 /* Sources */ = {
			isa = PBXSourcesBuildPhase;
			buildActionMask = 2147483647;
			files = (
				D3BA0E0B1CA690780082160D /* SonosController.swift in Sources */,
				242C7F7B1CA61D1B00F51895 /* NotificationController.swift in Sources */,
				242C7F791CA61D1B00F51895 /* ExtensionDelegate.swift in Sources */,
				242C7F7F1CA61D1B00F51895 /* ComplicationController.swift in Sources */,
				242C7F771CA61D1B00F51895 /* InterfaceController.swift in Sources */,
				242C7F7D1CA61D1B00F51895 /* GlanceController.swift in Sources */,
			);
			runOnlyForDeploymentPostprocessing = 0;
		};
		D3E370541CA3C7C600A9C333 /* Sources */ = {
			isa = PBXSourcesBuildPhase;
			buildActionMask = 2147483647;
			files = (
				D3E370A01CA3C8DE00A9C333 /* SonosController.swift in Sources */,
				D3E3705E1CA3C7C600A9C333 /* ViewController.swift in Sources */,
				D3E3705C1CA3C7C600A9C333 /* AppDelegate.swift in Sources */,
			);
			runOnlyForDeploymentPostprocessing = 0;
		};
		D3E370681CA3C7C600A9C333 /* Sources */ = {
			isa = PBXSourcesBuildPhase;
			buildActionMask = 2147483647;
			files = (
				D3E370711CA3C7C600A9C333 /* NOSTests.swift in Sources */,
			);
			runOnlyForDeploymentPostprocessing = 0;
		};
		D3E370731CA3C7C600A9C333 /* Sources */ = {
			isa = PBXSourcesBuildPhase;
			buildActionMask = 2147483647;
			files = (
				D3E3707C1CA3C7C600A9C333 /* NOSUITests.swift in Sources */,
			);
			runOnlyForDeploymentPostprocessing = 0;
		};
		D3E370891CA3C7FD00A9C333 /* Sources */ = {
			isa = PBXSourcesBuildPhase;
			buildActionMask = 2147483647;
			files = (
				D3E370A11CA3C8DE00A9C333 /* SonosController.swift in Sources */,
				D3E370931CA3C7FD00A9C333 /* TodayViewController.swift in Sources */,
			);
			runOnlyForDeploymentPostprocessing = 0;
		};
/* End PBXSourcesBuildPhase section */

/* Begin PBXTargetDependency section */
		242C7F721CA61D1B00F51895 /* PBXTargetDependency */ = {
			isa = PBXTargetDependency;
			target = 242C7F6E1CA61D1B00F51895 /* Sonos Watch Extension */;
			targetProxy = 242C7F711CA61D1B00F51895 /* PBXContainerItemProxy */;
		};
		242C7F841CA61D1B00F51895 /* PBXTargetDependency */ = {
			isa = PBXTargetDependency;
			target = 242C7F621CA61D1B00F51895 /* Sonos Watch */;
			targetProxy = 242C7F831CA61D1B00F51895 /* PBXContainerItemProxy */;
		};
		D3E3706E1CA3C7C600A9C333 /* PBXTargetDependency */ = {
			isa = PBXTargetDependency;
			target = D3E370571CA3C7C600A9C333 /* Sonos Remote */;
			targetProxy = D3E3706D1CA3C7C600A9C333 /* PBXContainerItemProxy */;
		};
		D3E370791CA3C7C600A9C333 /* PBXTargetDependency */ = {
			isa = PBXTargetDependency;
			target = D3E370571CA3C7C600A9C333 /* Sonos Remote */;
			targetProxy = D3E370781CA3C7C600A9C333 /* PBXContainerItemProxy */;
		};
		D3E370991CA3C7FD00A9C333 /* PBXTargetDependency */ = {
			isa = PBXTargetDependency;
			target = D3E3708C1CA3C7FD00A9C333 /* Sonos Remote Today */;
			targetProxy = D3E370981CA3C7FD00A9C333 /* PBXContainerItemProxy */;
		};
/* End PBXTargetDependency section */

/* Begin PBXVariantGroup section */
		242C7F651CA61D1B00F51895 /* Interface.storyboard */ = {
			isa = PBXVariantGroup;
			children = (
				242C7F661CA61D1B00F51895 /* Base */,
			);
			name = Interface.storyboard;
			sourceTree = "<group>";
		};
		D3E3705F1CA3C7C600A9C333 /* Main.storyboard */ = {
			isa = PBXVariantGroup;
			children = (
				D3E370601CA3C7C600A9C333 /* Base */,
			);
			name = Main.storyboard;
			sourceTree = "<group>";
		};
		D3E370641CA3C7C600A9C333 /* LaunchScreen.storyboard */ = {
			isa = PBXVariantGroup;
			children = (
				D3E370651CA3C7C600A9C333 /* Base */,
			);
			name = LaunchScreen.storyboard;
			sourceTree = "<group>";
		};
		D3E370941CA3C7FD00A9C333 /* MainInterface.storyboard */ = {
			isa = PBXVariantGroup;
			children = (
				D3E370951CA3C7FD00A9C333 /* Base */,
			);
			name = MainInterface.storyboard;
			sourceTree = "<group>";
		};
/* End PBXVariantGroup section */

/* Begin XCBuildConfiguration section */
		242C7F861CA61D1B00F51895 /* Debug */ = {
			isa = XCBuildConfiguration;
			buildSettings = {
				ASSETCATALOG_COMPILER_APPICON_NAME = AppIcon;
				EMBEDDED_CONTENT_CONTAINS_SWIFT = YES;
				IBSC_MODULE = Sonos_Watch_Extension;
				INFOPLIST_FILE = "Sonos Watch/Info.plist";
				PRODUCT_BUNDLE_IDENTIFIER = com.phil.NOS.watchkitapp;
				PRODUCT_NAME = "$(TARGET_NAME)";
				SDKROOT = watchos;
				SKIP_INSTALL = YES;
				TARGETED_DEVICE_FAMILY = 4;
				WATCHOS_DEPLOYMENT_TARGET = 2.1;
			};
			name = Debug;
		};
		242C7F871CA61D1B00F51895 /* Release */ = {
			isa = XCBuildConfiguration;
			buildSettings = {
				ASSETCATALOG_COMPILER_APPICON_NAME = AppIcon;
				EMBEDDED_CONTENT_CONTAINS_SWIFT = YES;
				IBSC_MODULE = Sonos_Watch_Extension;
				INFOPLIST_FILE = "Sonos Watch/Info.plist";
				PRODUCT_BUNDLE_IDENTIFIER = com.phil.NOS.watchkitapp;
				PRODUCT_NAME = "$(TARGET_NAME)";
				SDKROOT = watchos;
				SKIP_INSTALL = YES;
				TARGETED_DEVICE_FAMILY = 4;
				WATCHOS_DEPLOYMENT_TARGET = 2.1;
			};
			name = Release;
		};
		242C7F881CA61D1B00F51895 /* Debug */ = {
			isa = XCBuildConfiguration;
			buildSettings = {
				ASSETCATALOG_COMPILER_COMPLICATION_NAME = Complication;
				INFOPLIST_FILE = "Sonos Watch Extension/Info.plist";
				LD_RUNPATH_SEARCH_PATHS = "$(inherited) @executable_path/Frameworks @executable_path/../../Frameworks";
				PRODUCT_BUNDLE_IDENTIFIER = com.phil.NOS.watchkitapp.watchkitextension;
				PRODUCT_NAME = "${TARGET_NAME}";
				SDKROOT = watchos;
				SKIP_INSTALL = YES;
				TARGETED_DEVICE_FAMILY = 4;
				WATCHOS_DEPLOYMENT_TARGET = 2.1;
			};
			name = Debug;
		};
		242C7F891CA61D1B00F51895 /* Release */ = {
			isa = XCBuildConfiguration;
			buildSettings = {
				ASSETCATALOG_COMPILER_COMPLICATION_NAME = Complication;
				INFOPLIST_FILE = "Sonos Watch Extension/Info.plist";
				LD_RUNPATH_SEARCH_PATHS = "$(inherited) @executable_path/Frameworks @executable_path/../../Frameworks";
				PRODUCT_BUNDLE_IDENTIFIER = com.phil.NOS.watchkitapp.watchkitextension;
				PRODUCT_NAME = "${TARGET_NAME}";
				SDKROOT = watchos;
				SKIP_INSTALL = YES;
				TARGETED_DEVICE_FAMILY = 4;
				WATCHOS_DEPLOYMENT_TARGET = 2.1;
			};
			name = Release;
		};
		D3E3707E1CA3C7C600A9C333 /* Debug */ = {
			isa = XCBuildConfiguration;
			buildSettings = {
				ALWAYS_SEARCH_USER_PATHS = NO;
				CLANG_CXX_LANGUAGE_STANDARD = "gnu++0x";
				CLANG_CXX_LIBRARY = "libc++";
				CLANG_ENABLE_MODULES = YES;
				CLANG_ENABLE_OBJC_ARC = YES;
				CLANG_WARN_BOOL_CONVERSION = YES;
				CLANG_WARN_CONSTANT_CONVERSION = YES;
				CLANG_WARN_DIRECT_OBJC_ISA_USAGE = YES_ERROR;
				CLANG_WARN_EMPTY_BODY = YES;
				CLANG_WARN_ENUM_CONVERSION = YES;
				CLANG_WARN_INT_CONVERSION = YES;
				CLANG_WARN_OBJC_ROOT_CLASS = YES_ERROR;
				CLANG_WARN_UNREACHABLE_CODE = YES;
				CLANG_WARN__DUPLICATE_METHOD_MATCH = YES;
				"CODE_SIGN_IDENTITY[sdk=iphoneos*]" = "iPhone Developer";
				COPY_PHASE_STRIP = NO;
				DEBUG_INFORMATION_FORMAT = dwarf;
				ENABLE_STRICT_OBJC_MSGSEND = YES;
				ENABLE_TESTABILITY = YES;
				GCC_C_LANGUAGE_STANDARD = gnu99;
				GCC_DYNAMIC_NO_PIC = NO;
				GCC_NO_COMMON_BLOCKS = YES;
				GCC_OPTIMIZATION_LEVEL = 0;
				GCC_PREPROCESSOR_DEFINITIONS = (
					"DEBUG=1",
					"$(inherited)",
				);
				GCC_WARN_64_TO_32_BIT_CONVERSION = YES;
				GCC_WARN_ABOUT_RETURN_TYPE = YES_ERROR;
				GCC_WARN_UNDECLARED_SELECTOR = YES;
				GCC_WARN_UNINITIALIZED_AUTOS = YES_AGGRESSIVE;
				GCC_WARN_UNUSED_FUNCTION = YES;
				GCC_WARN_UNUSED_VARIABLE = YES;
				IPHONEOS_DEPLOYMENT_TARGET = 9.2;
				MTL_ENABLE_DEBUG_INFO = YES;
				ONLY_ACTIVE_ARCH = YES;
				SDKROOT = iphoneos;
				SWIFT_OPTIMIZATION_LEVEL = "-Onone";
				TARGETED_DEVICE_FAMILY = "1,2";
			};
			name = Debug;
		};
		D3E3707F1CA3C7C600A9C333 /* Release */ = {
			isa = XCBuildConfiguration;
			buildSettings = {
				ALWAYS_SEARCH_USER_PATHS = NO;
				CLANG_CXX_LANGUAGE_STANDARD = "gnu++0x";
				CLANG_CXX_LIBRARY = "libc++";
				CLANG_ENABLE_MODULES = YES;
				CLANG_ENABLE_OBJC_ARC = YES;
				CLANG_WARN_BOOL_CONVERSION = YES;
				CLANG_WARN_CONSTANT_CONVERSION = YES;
				CLANG_WARN_DIRECT_OBJC_ISA_USAGE = YES_ERROR;
				CLANG_WARN_EMPTY_BODY = YES;
				CLANG_WARN_ENUM_CONVERSION = YES;
				CLANG_WARN_INT_CONVERSION = YES;
				CLANG_WARN_OBJC_ROOT_CLASS = YES_ERROR;
				CLANG_WARN_UNREACHABLE_CODE = YES;
				CLANG_WARN__DUPLICATE_METHOD_MATCH = YES;
				"CODE_SIGN_IDENTITY[sdk=iphoneos*]" = "iPhone Developer";
				COPY_PHASE_STRIP = NO;
				DEBUG_INFORMATION_FORMAT = "dwarf-with-dsym";
				ENABLE_NS_ASSERTIONS = NO;
				ENABLE_STRICT_OBJC_MSGSEND = YES;
				GCC_C_LANGUAGE_STANDARD = gnu99;
				GCC_NO_COMMON_BLOCKS = YES;
				GCC_WARN_64_TO_32_BIT_CONVERSION = YES;
				GCC_WARN_ABOUT_RETURN_TYPE = YES_ERROR;
				GCC_WARN_UNDECLARED_SELECTOR = YES;
				GCC_WARN_UNINITIALIZED_AUTOS = YES_AGGRESSIVE;
				GCC_WARN_UNUSED_FUNCTION = YES;
				GCC_WARN_UNUSED_VARIABLE = YES;
				IPHONEOS_DEPLOYMENT_TARGET = 9.2;
				MTL_ENABLE_DEBUG_INFO = NO;
				SDKROOT = iphoneos;
				TARGETED_DEVICE_FAMILY = "1,2";
				VALIDATE_PRODUCT = YES;
			};
			name = Release;
		};
		D3E370811CA3C7C600A9C333 /* Debug */ = {
			isa = XCBuildConfiguration;
			buildSettings = {
				ASSETCATALOG_COMPILER_APPICON_NAME = AppIcon;
				EMBEDDED_CONTENT_CONTAINS_SWIFT = YES;
				INFOPLIST_FILE = NOS/Info.plist;
				LD_RUNPATH_SEARCH_PATHS = "$(inherited) @executable_path/Frameworks";
				PRODUCT_BUNDLE_IDENTIFIER = com.phil.NOS;
				PRODUCT_NAME = "$(TARGET_NAME)";
			};
			name = Debug;
		};
		D3E370821CA3C7C600A9C333 /* Release */ = {
			isa = XCBuildConfiguration;
			buildSettings = {
				ASSETCATALOG_COMPILER_APPICON_NAME = AppIcon;
				EMBEDDED_CONTENT_CONTAINS_SWIFT = YES;
				INFOPLIST_FILE = NOS/Info.plist;
				LD_RUNPATH_SEARCH_PATHS = "$(inherited) @executable_path/Frameworks";
				PRODUCT_BUNDLE_IDENTIFIER = com.phil.NOS;
				PRODUCT_NAME = "$(TARGET_NAME)";
			};
			name = Release;
		};
		D3E370841CA3C7C600A9C333 /* Debug */ = {
			isa = XCBuildConfiguration;
			buildSettings = {
				BUNDLE_LOADER = "$(TEST_HOST)";
				INFOPLIST_FILE = NOSTests/Info.plist;
				LD_RUNPATH_SEARCH_PATHS = "$(inherited) @executable_path/Frameworks @loader_path/Frameworks";
				PRODUCT_BUNDLE_IDENTIFIER = com.phil.NOSTests;
				PRODUCT_NAME = "$(TARGET_NAME)";
				TEST_HOST = "$(BUILT_PRODUCTS_DIR)/NOS.app/NOS";
			};
			name = Debug;
		};
		D3E370851CA3C7C600A9C333 /* Release */ = {
			isa = XCBuildConfiguration;
			buildSettings = {
				BUNDLE_LOADER = "$(TEST_HOST)";
				INFOPLIST_FILE = NOSTests/Info.plist;
				LD_RUNPATH_SEARCH_PATHS = "$(inherited) @executable_path/Frameworks @loader_path/Frameworks";
				PRODUCT_BUNDLE_IDENTIFIER = com.phil.NOSTests;
				PRODUCT_NAME = "$(TARGET_NAME)";
				TEST_HOST = "$(BUILT_PRODUCTS_DIR)/NOS.app/NOS";
			};
			name = Release;
		};
		D3E370871CA3C7C600A9C333 /* Debug */ = {
			isa = XCBuildConfiguration;
			buildSettings = {
				INFOPLIST_FILE = NOSUITests/Info.plist;
				LD_RUNPATH_SEARCH_PATHS = "$(inherited) @executable_path/Frameworks @loader_path/Frameworks";
				PRODUCT_BUNDLE_IDENTIFIER = com.phil.NOSUITests;
				PRODUCT_NAME = "$(TARGET_NAME)";
				TEST_TARGET_NAME = NOS;
				USES_XCTRUNNER = YES;
			};
			name = Debug;
		};
		D3E370881CA3C7C600A9C333 /* Release */ = {
			isa = XCBuildConfiguration;
			buildSettings = {
				INFOPLIST_FILE = NOSUITests/Info.plist;
				LD_RUNPATH_SEARCH_PATHS = "$(inherited) @executable_path/Frameworks @loader_path/Frameworks";
				PRODUCT_BUNDLE_IDENTIFIER = com.phil.NOSUITests;
				PRODUCT_NAME = "$(TARGET_NAME)";
				TEST_TARGET_NAME = NOS;
				USES_XCTRUNNER = YES;
			};
			name = Release;
		};
		D3E3709C1CA3C7FD00A9C333 /* Debug */ = {
			isa = XCBuildConfiguration;
			buildSettings = {
				INFOPLIST_FILE = NOSToday/Info.plist;
				LD_RUNPATH_SEARCH_PATHS = "$(inherited) @executable_path/Frameworks @executable_path/../../Frameworks";
				PRODUCT_BUNDLE_IDENTIFIER = com.phil.NOS.NOSToday;
				PRODUCT_NAME = "$(TARGET_NAME)";
				SKIP_INSTALL = YES;
			};
			name = Debug;
		};
		D3E3709D1CA3C7FD00A9C333 /* Release */ = {
			isa = XCBuildConfiguration;
			buildSettings = {
				INFOPLIST_FILE = NOSToday/Info.plist;
				LD_RUNPATH_SEARCH_PATHS = "$(inherited) @executable_path/Frameworks @executable_path/../../Frameworks";
				PRODUCT_BUNDLE_IDENTIFIER = com.phil.NOS.NOSToday;
				PRODUCT_NAME = "$(TARGET_NAME)";
				SKIP_INSTALL = YES;
			};
			name = Release;
		};
/* End XCBuildConfiguration section */

/* Begin XCConfigurationList section */
		242C7F8A1CA61D1B00F51895 /* Build configuration list for PBXNativeTarget "Sonos Watch Extension" */ = {
			isa = XCConfigurationList;
			buildConfigurations = (
				242C7F881CA61D1B00F51895 /* Debug */,
				242C7F891CA61D1B00F51895 /* Release */,
			);
			defaultConfigurationIsVisible = 0;
			defaultConfigurationName = Release;
		};
		242C7F8C1CA61D1B00F51895 /* Build configuration list for PBXNativeTarget "Sonos Watch" */ = {
			isa = XCConfigurationList;
			buildConfigurations = (
				242C7F861CA61D1B00F51895 /* Debug */,
				242C7F871CA61D1B00F51895 /* Release */,
			);
			defaultConfigurationIsVisible = 0;
			defaultConfigurationName = Release;
		};
		D3E370531CA3C7C600A9C333 /* Build configuration list for PBXProject "NOS" */ = {
			isa = XCConfigurationList;
			buildConfigurations = (
				D3E3707E1CA3C7C600A9C333 /* Debug */,
				D3E3707F1CA3C7C600A9C333 /* Release */,
			);
			defaultConfigurationIsVisible = 0;
			defaultConfigurationName = Release;
		};
		D3E370801CA3C7C600A9C333 /* Build configuration list for PBXNativeTarget "Sonos Remote" */ = {
			isa = XCConfigurationList;
			buildConfigurations = (
				D3E370811CA3C7C600A9C333 /* Debug */,
				D3E370821CA3C7C600A9C333 /* Release */,
			);
			defaultConfigurationIsVisible = 0;
			defaultConfigurationName = Release;
		};
		D3E370831CA3C7C600A9C333 /* Build configuration list for PBXNativeTarget "NOSTests" */ = {
			isa = XCConfigurationList;
			buildConfigurations = (
				D3E370841CA3C7C600A9C333 /* Debug */,
				D3E370851CA3C7C600A9C333 /* Release */,
			);
			defaultConfigurationIsVisible = 0;
			defaultConfigurationName = Release;
		};
		D3E370861CA3C7C600A9C333 /* Build configuration list for PBXNativeTarget "NOSUITests" */ = {
			isa = XCConfigurationList;
			buildConfigurations = (
				D3E370871CA3C7C600A9C333 /* Debug */,
				D3E370881CA3C7C600A9C333 /* Release */,
			);
			defaultConfigurationIsVisible = 0;
			defaultConfigurationName = Release;
		};
		D3E3709B1CA3C7FD00A9C333 /* Build configuration list for PBXNativeTarget "Sonos Remote Today" */ = {
			isa = XCConfigurationList;
			buildConfigurations = (
				D3E3709C1CA3C7FD00A9C333 /* Debug */,
				D3E3709D1CA3C7FD00A9C333 /* Release */,
			);
			defaultConfigurationIsVisible = 0;
			defaultConfigurationName = Release;
		};
/* End XCConfigurationList section */
	};
	rootObject = D3E370501CA3C7C600A9C333 /* Project object */;
}
